
Microsoft Visual Studio Solution File, Format Version 12.00
# Visual Studio Version 17
VisualStudioVersion = 17.4.33205.214
MinimumVisualStudioVersion = 10.0.40219.1
Project("{8BC9CEB8-8B4A-11D0-8D11-00A0C91BC942}") = "GameSystems", "GameSystems\GameSystems.vcxproj", "{61775FEC-5E21-4858-BF07-77F0D4BE981E}"
EndProject
Project("{8BC9CEB8-8B4A-11D0-8D11-00A0C91BC942}") = "DemoWithConsole", "DemoWithConsole\DemoWithConsole.vcxproj", "{E6209AB4-A5B2-4389-9903-C6259461746F}"
EndProject
Project("{8BC9CEB8-8B4A-11D0-8D11-00A0C91BC942}") = "EcoSim", "EcoSim\EcoSim.vcxproj", "{1794EB1F-4AD3-47B1-8C1B-159B585F1EDF}"
	ProjectSection(ProjectDependencies) = postProject
		{61775FEC-5E21-4858-BF07-77F0D4BE981E} = {61775FEC-5E21-4858-BF07-77F0D4BE981E}
	EndProjectSection
EndProject
Global
	GlobalSection(SolutionConfigurationPlatforms) = preSolution
		Debug|x64 = Debug|x64
		Debug|x86 = Debug|x86
		Release|x64 = Release|x64
		Release|x86 = Release|x86
	EndGlobalSection
	GlobalSection(ProjectConfigurationPlatforms) = postSolution
		{61775FEC-5E21-4858-BF07-77F0D4BE981E}.Debug|x64.ActiveCfg = Debug|x64
		{61775FEC-5E21-4858-BF07-77F0D4BE981E}.Debug|x64.Build.0 = Debug|x64
		{61775FEC-5E21-4858-BF07-77F0D4BE981E}.Debug|x86.ActiveCfg = Debug|Win32
		{61775FEC-5E21-4858-BF07-77F0D4BE981E}.Debug|x86.Build.0 = Debug|Win32
		{61775FEC-5E21-4858-BF07-77F0D4BE981E}.Release|x64.ActiveCfg = Release|x64
		{61775FEC-5E21-4858-BF07-77F0D4BE981E}.Release|x64.Build.0 = Release|x64
		{61775FEC-5E21-4858-BF07-77F0D4BE981E}.Release|x86.ActiveCfg = Release|Win32
		{61775FEC-5E21-4858-BF07-77F0D4BE981E}.Release|x86.Build.0 = Release|Win32
		{E6209AB4-A5B2-4389-9903-C6259461746F}.Debug|x64.ActiveCfg = Debug|x64
		{E6209AB4-A5B2-4389-9903-C6259461746F}.Debug|x64.Build.0 = Debug|x64
		{E6209AB4-A5B2-4389-9903-C6259461746F}.Debug|x86.ActiveCfg = Debug|Win32
		{E6209AB4-A5B2-4389-9903-C6259461746F}.Debug|x86.Build.0 = Debug|Win32
		{E6209AB4-A5B2-4389-9903-C6259461746F}.Release|x64.ActiveCfg = Release|x64
		{E6209AB4-A5B2-4389-9903-C6259461746F}.Release|x64.Build.0 = Release|x64
		{E6209AB4-A5B2-4389-9903-C6259461746F}.Release|x86.ActiveCfg = Release|Win32
		{E6209AB4-A5B2-4389-9903-C6259461746F}.Release|x86.Build.0 = Release|Win32
		{1794EB1F-4AD3-47B1-8C1B-159B585F1EDF}.Debug|x64.ActiveCfg = Debug|x64
		{1794EB1F-4AD3-47B1-8C1B-159B585F1EDF}.Debug|x64.Build.0 = Debug|x64
		{1794EB1F-4AD3-47B1-8C1B-159B585F1EDF}.Debug|x86.ActiveCfg = Debug|Win32
		{1794EB1F-4AD3-47B1-8C1B-159B585F1EDF}.Debug|x86.Build.0 = Debug|Win32
		{1794EB1F-4AD3-47B1-8C1B-159B585F1EDF}.Release|x64.ActiveCfg = Release|x64
		{1794EB1F-4AD3-47B1-8C1B-159B585F1EDF}.Release|x64.Build.0 = Release|x64
		{1794EB1F-4AD3-47B1-8C1B-159B585F1EDF}.Release|x86.ActiveCfg = Release|Win32
		{1794EB1F-4AD3-47B1-8C1B-159B585F1EDF}.Release|x86.Build.0 = Release|Win32
	EndGlobalSection
	GlobalSection(SolutionProperties) = preSolution
		HideSolutionNode = FALSE
	EndGlobalSection
	GlobalSection(ExtensibilityGlobals) = postSolution
		SolutionGuid = {6FC29C4A-11C3-4FEF-85F0-50E044DEA83C}
	EndGlobalSection
EndGlobal
