<?xml version="1.0" encoding="utf-8"?>
<Project ToolsVersion="4.0" xmlns="http://schemas.microsoft.com/developer/msbuild/2003">
  <ItemGroup>
    <Filter Include="imgui">
      <UniqueIdentifier>{c336cfe3-f0c4-464c-9ef0-a9e17a7ff222}</UniqueIdentifier>
    </Filter>
    <Filter Include="sources">
      <UniqueIdentifier>{4FC737F1-C7A5-4376-A066-2A32D752A2FF}</UniqueIdentifier>
      <Extensions>cpp;c;cc;cxx;def;odl;idl;hpj;bat;asm;asmx</Extensions>
    </Filter>
  </ItemGroup>
  <ItemGroup>
    <ClCompile Include="main.cpp">
      <Filter>sources</Filter>
    </ClCompile>
    <ClCompile Include="Ports\ImGuiLayerPort.cpp">
      <Filter>sources</Filter>
    </ClCompile>
    <ClCompile Include="Ports\EntityManagerPort.cpp">
      <Filter>sources</Filter>
    </ClCompile>
    <ClCompile Include="Ports\BoilerplatePort.cpp">
      <Filter>sources</Filter>
    </ClCompile>
    <ClCompile Include="Ports\ActionsListPort.cpp">
      <Filter>sources</Filter>
    </ClCompile>
    <ClCompile Include="Ports\DefaultPort.cpp">
      <Filter>sources</Filter>
    </ClCompile>
    <ClCompile Include="..\ExternalTools\ImGui\imgui.cpp">
      <Filter>sources</Filter>
    </ClCompile>
    <ClCompile Include="..\ExternalTools\ImGui\imgui_demo.cpp">
      <Filter>sources</Filter>
    </ClCompile>
    <ClCompile Include="..\ExternalTools\ImGui\imgui_draw.cpp">
      <Filter>sources</Filter>
    </ClCompile>
    <ClCompile Include="..\ExternalTools\ImGui\imgui_tables.cpp">
      <Filter>sources</Filter>
    </ClCompile>
    <ClCompile Include="..\ExternalTools\ImGui\imgui_widgets.cpp">
      <Filter>sources</Filter>
    </ClCompile>
    <ClCompile Include="..\ExternalTools\ImGui\backends\imgui_impl_opengl2.cpp">
      <Filter>sources</Filter>
    </ClCompile>
    <ClCompile Include="..\ExternalTools\ImGui\backends\imgui_impl_sdl2.cpp">
      <Filter>sources</Filter>
    </ClCompile>
  </ItemGroup>
  <ItemGroup>
    <ClInclude Include="Ports\ImGuiLayerPort.h" />
    <ClInclude Include="Ports\EntityManagerPort.h" />
    <ClInclude Include="Ports\BasePort.h" />
    <ClInclude Include="Ports\Prompt.h" />
    <ClInclude Include="ImGuiGlobals.h" />
    <ClInclude Include="Ports\InterPortComHandler.h" />
    <ClInclude Include="Ports\BoilerplatePort.h" />
    <ClInclude Include="Ports\ActionsListPort.h" />
    <ClInclude Include="Ports\DefaultPort.h" />
    <ClInclude Include="..\ExternalTools\ImGui\imconfig.h" />
    <ClInclude Include="..\ExternalTools\ImGui\imgui.h" />
    <ClInclude Include="..\ExternalTools\ImGui\imgui_internal.h" />
    <ClInclude Include="..\ExternalTools\ImGui\backends\imgui_impl_sdl2.h" />
    <ClInclude Include="..\ExternalTools\ImGui\backends\imgui_impl_opengl2.h" />
  </ItemGroup>
  <ItemGroup>
    <None Include="..\ExternalTools\ImGui\misc\debuggers\imgui.natvis" />
  </ItemGroup>
</Project>